Microsoft Visual Studio Solution File, Format Version 7.00
Project("{FAE04EC0-301F-11D3-BF4B-00C04F79EFBC}") = "BookExamples", "BookExamples.csproj", "{62C1D567-DF0B-40A2-8539-F336E1F90555}"
EndProject
Global
	GlobalSection(SolutionConfiguration) = preSolution
		ConfigName.0 = Debug
		ConfigName.1 = Release
	EndGlobalSection
	GlobalSection(ProjectDependencies) = postSolution
	EndGlobalSection
	GlobalSection(ProjectConfiguration) = postSolution
		{62C1D567-DF0B-40A2-8539-F336E1F90555}.Debug.ActiveCfg = Debug|.NET
		{62C1D567-DF0B-40A2-8539-F336E1F90555}.Debug.Build.0 = Debug|.NET
		{62C1D567-DF0B-40A2-8539-F336E1F90555}.Release.ActiveCfg = Release|.NET
		{62C1D567-DF0B-40A2-8539-F336E1F90555}.Release.Build.0 = Release|.NET
	EndGlobalSection
	GlobalSection(ExtensibilityGlobals) = postSolution
	EndGlobalSection
	GlobalSection(ExtensibilityAddIns) = postSolution
	EndGlobalSection
EndGlobal
